
Microsoft Visual Studio Solution File, Format Version 12.00
# Visual Studio Version 17
VisualStudioVersion = 17.3.32929.385
MinimumVisualStudioVersion = 10.0.40219.1
Project("{FAE04EC0-301F-11D3-BF4B-00C04F79EFBC}") = "FiorelloMvc", "FiorelloMvc\FiorelloMvc.csproj", "{1580E3C4-D704-43E1-9F02-28A9DB9B377A}"
EndProject
Project("{FAE04EC0-301F-11D3-BF4B-00C04F79EFBC}") = "Core", "Core\Core.csproj", "{BBA64117-DC30-431C-8BEB-EFC6C95062EF}"
EndProject
Project("{FAE04EC0-301F-11D3-BF4B-00C04F79EFBC}") = "DataAccess", "DataAccess\DataAccess.csproj", "{21FBAD79-6A5E-45B8-A340-CACE0F1E027C}"
EndProject
Global
	GlobalSection(SolutionConfigurationPlatforms) = preSolution
		Debug|Any CPU = Debug|Any CPU
		Release|Any CPU = Release|Any CPU
	EndGlobalSection
	GlobalSection(ProjectConfigurationPlatforms) = postSolution
		{1580E3C4-D704-43E1-9F02-28A9DB9B377A}.Debug|Any CPU.ActiveCfg = Debug|Any CPU
		{1580E3C4-D704-43E1-9F02-28A9DB9B377A}.Debug|Any CPU.Build.0 = Debug|Any CPU
		{1580E3C4-D704-43E1-9F02-28A9DB9B377A}.Release|Any CPU.ActiveCfg = Release|Any CPU
		{1580E3C4-D704-43E1-9F02-28A9DB9B377A}.Release|Any CPU.Build.0 = Release|Any CPU
		{BBA64117-DC30-431C-8BEB-EFC6C95062EF}.Debug|Any CPU.ActiveCfg = Debug|Any CPU
		{BBA64117-DC30-431C-8BEB-EFC6C95062EF}.Debug|Any CPU.Build.0 = Debug|Any CPU
		{BBA64117-DC30-431C-8BEB-EFC6C95062EF}.Release|Any CPU.ActiveCfg = Release|Any CPU
		{BBA64117-DC30-431C-8BEB-EFC6C95062EF}.Release|Any CPU.Build.0 = Release|Any CPU
		{21FBAD79-6A5E-45B8-A340-CACE0F1E027C}.Debug|Any CPU.ActiveCfg = Debug|Any CPU
		{21FBAD79-6A5E-45B8-A340-CACE0F1E027C}.Debug|Any CPU.Build.0 = Debug|Any CPU
		{21FBAD79-6A5E-45B8-A340-CACE0F1E027C}.Release|Any CPU.ActiveCfg = Release|Any CPU
		{21FBAD79-6A5E-45B8-A340-CACE0F1E027C}.Release|Any CPU.Build.0 = Release|Any CPU
	EndGlobalSection
	GlobalSection(SolutionProperties) = preSolution
		HideSolutionNode = FALSE
	EndGlobalSection
	GlobalSection(ExtensibilityGlobals) = postSolution
		SolutionGuid = {49539283-DDBF-468E-A720-0450E9850C2C}
	EndGlobalSection
EndGlobal
